
Microsoft Visual Studio Solution File, Format Version 12.00
# Visual Studio Version 17
VisualStudioVersion = 17.14.36203.30
MinimumVisualStudioVersion = 10.0.40219.1
Project("{FAE04EC0-301F-11D3-BF4B-00C04F79EFBC}") = "Gerador_Arquivo_Json", "Gerador_Arquivo_Json.csproj", "{645D48DB-B4B0-4B42-8680-314F7FE82A3A}"
EndProject
Global
	GlobalSection(SolutionConfigurationPlatforms) = preSolution
		Debug|Any CPU = Debug|Any CPU
		Release|Any CPU = Release|Any CPU
	EndGlobalSection
	GlobalSection(ProjectConfigurationPlatforms) = postSolution
		{645D48DB-B4B0-4B42-8680-314F7FE82A3A}.Debug|Any CPU.ActiveCfg = Debug|Any CPU
		{645D48DB-B4B0-4B42-8680-314F7FE82A3A}.Debug|Any CPU.Build.0 = Debug|Any CPU
		{645D48DB-B4B0-4B42-8680-314F7FE82A3A}.Release|Any CPU.ActiveCfg = Release|Any CPU
		{645D48DB-B4B0-4B42-8680-314F7FE82A3A}.Release|Any CPU.Build.0 = Release|Any CPU
	EndGlobalSection
	GlobalSection(SolutionProperties) = preSolution
		HideSolutionNode = FALSE
	EndGlobalSection
	GlobalSection(ExtensibilityGlobals) = postSolution
		SolutionGuid = {D9404CCB-C0F5-4027-A3E2-FE25151BC5D5}
	EndGlobalSection
EndGlobal
